// !$*UTF8*$!
{
	archiveVersion = 1;
	classes = {
	};
	objectVersion = 60;
	objects = {

/* Begin PBXBuildFile section */
		7D1EAB201D2E12310052ACE2 /* ConfigureWindowController.m in Sources */ = {isa = PBXBuildFile; fileRef = 7D1EAB1C1D2E12310052ACE2 /* ConfigureWindowController.m */; };
		7D1EAB211D2E12310052ACE2 /* Configure.m in Sources */ = {isa = PBXBuildFile; fileRef = 7D1EAB1D1D2E12310052ACE2 /* Configure.m */; };
		7D1EAB291D2E12D30052ACE2 /* ErrorWindowController.m in Sources */ = {isa = PBXBuildFile; fileRef = 7D1EAB241D2E12D30052ACE2 /* ErrorWindowController.m */; };
		7D1EAB381D2E148B0052ACE2 /* utilities.m in Sources */ = {isa = PBXBuildFile; fileRef = 7D1EAB371D2E148B0052ACE2 /* utilities.m */; };
		7D24C86A1D2CDEA7009932EE /* AppDelegate.m in Sources */ = {isa = PBXBuildFile; fileRef = 7D24C8691D2CDEA7009932EE /* AppDelegate.m */; };
		7D24C86D1D2CDEA7009932EE /* main.m in Sources */ = {isa = PBXBuildFile; fileRef = 7D24C86C1D2CDEA7009932EE /* main.m */; };
		7D24C86F1D2CDEA7009932EE /* Assets.xcassets in Resources */ = {isa = PBXBuildFile; fileRef = 7D24C86E1D2CDEA7009932EE /* Assets.xcassets */; };
		7D3AD3931FEA262E00AEEE31 /* AboutWindowController.m in Sources */ = {isa = PBXBuildFile; fileRef = 7D3AD3911FEA262E00AEEE31 /* AboutWindowController.m */; };
		7D3AD3971FEA28BC00AEEE31 /* patrons.txt in Resources */ = {isa = PBXBuildFile; fileRef = 7D3AD3961FEA28BC00AEEE31 /* patrons.txt */; };
		7D4B34CA1D9885820069E4DE /* icon.png in Resources */ = {isa = PBXBuildFile; fileRef = 7D4B34C81D9885820069E4DE /* icon.png */; };
		7D4B34CB1D9885820069E4DE /* whatsYourSign.png in Resources */ = {isa = PBXBuildFile; fileRef = 7D4B34C91D9885820069E4DE /* whatsYourSign.png */; };
		7D5CACC21FE9EEC1002A367A /* objectiveSee.png in Resources */ = {isa = PBXBuildFile; fileRef = 7D5CACC11FE9EE0B002A367A /* objectiveSee.png */; };
		CDE70BE52CF285AA00251553 /* AboutWindow.xib in Resources */ = {isa = PBXBuildFile; fileRef = CDE70BE42CF285AA00251553 /* AboutWindow.xib */; };
		CDE70BE92CF285B400251553 /* ConfigureWindowController.xib in Resources */ = {isa = PBXBuildFile; fileRef = CDE70BE82CF285B400251553 /* ConfigureWindowController.xib */; };
		CDE70BED2CF285B900251553 /* ErrorWindowController.xib in Resources */ = {isa = PBXBuildFile; fileRef = CDE70BEC2CF285B900251553 /* ErrorWindowController.xib */; };
		CDE70BF12CF285E800251553 /* MainMenu.xib in Resources */ = {isa = PBXBuildFile; fileRef = CDE70BF02CF285E800251553 /* MainMenu.xib */; };
		CDE70C1C2CF5415C00251553 /* Localizable.xcstrings in Resources */ = {isa = PBXBuildFile; fileRef = CDE70C1B2CF5415C00251553 /* Localizable.xcstrings */; };
/* End PBXBuildFile section */

/* Begin PBXFileReference section */
		7D1EAB1C1D2E12310052ACE2 /* ConfigureWindowController.m */ = {isa = PBXFileReference; fileEncoding = 4; lastKnownFileType = sourcecode.c.objc; path = ConfigureWindowController.m; sourceTree = "<group>"; };
		7D1EAB1D1D2E12310052ACE2 /* Configure.m */ = {isa = PBXFileReference; fileEncoding = 4; lastKnownFileType = sourcecode.c.objc; path = Configure.m; sourceTree = "<group>"; };
		7D1EAB1E1D2E12310052ACE2 /* Configure.h */ = {isa = PBXFileReference; fileEncoding = 4; lastKnownFileType = sourcecode.c.h; path = Configure.h; sourceTree = "<group>"; };
		7D1EAB1F1D2E12310052ACE2 /* ConfigureWindowController.h */ = {isa = PBXFileReference; fileEncoding = 4; lastKnownFileType = sourcecode.c.h; path = ConfigureWindowController.h; sourceTree = "<group>"; };
		7D1EAB241D2E12D30052ACE2 /* ErrorWindowController.m */ = {isa = PBXFileReference; fileEncoding = 4; lastKnownFileType = sourcecode.c.objc; path = ErrorWindowController.m; sourceTree = "<group>"; };
		7D1EAB261D2E12D30052ACE2 /* ErrorWindowController.h */ = {isa = PBXFileReference; fileEncoding = 4; lastKnownFileType = sourcecode.c.h; path = ErrorWindowController.h; sourceTree = "<group>"; };
		7D1EAB321D2E14160052ACE2 /* consts.h */ = {isa = PBXFileReference; fileEncoding = 4; lastKnownFileType = sourcecode.c.h; name = consts.h; path = ../../Shared/consts.h; sourceTree = "<group>"; };
		7D1EAB361D2E148B0052ACE2 /* utilities.h */ = {isa = PBXFileReference; fileEncoding = 4; lastKnownFileType = sourcecode.c.h; name = utilities.h; path = ../../Shared/utilities.h; sourceTree = "<group>"; };
		7D1EAB371D2E148B0052ACE2 /* utilities.m */ = {isa = PBXFileReference; fileEncoding = 4; lastKnownFileType = sourcecode.c.objc; name = utilities.m; path = ../../Shared/utilities.m; sourceTree = "<group>"; };
		7D24C8651D2CDEA7009932EE /* WhatsYourSign Installer.app */ = {isa = PBXFileReference; explicitFileType = wrapper.application; includeInIndex = 0; path = "WhatsYourSign Installer.app"; sourceTree = BUILT_PRODUCTS_DIR; };
		7D24C8681D2CDEA7009932EE /* AppDelegate.h */ = {isa = PBXFileReference; lastKnownFileType = sourcecode.c.h; path = AppDelegate.h; sourceTree = "<group>"; };
		7D24C8691D2CDEA7009932EE /* AppDelegate.m */ = {isa = PBXFileReference; lastKnownFileType = sourcecode.c.objc; path = AppDelegate.m; sourceTree = "<group>"; };
		7D24C86C1D2CDEA7009932EE /* main.m */ = {isa = PBXFileReference; lastKnownFileType = sourcecode.c.objc; path = main.m; sourceTree = "<group>"; };
		7D24C86E1D2CDEA7009932EE /* Assets.xcassets */ = {isa = PBXFileReference; lastKnownFileType = folder.assetcatalog; path = Assets.xcassets; sourceTree = "<group>"; };
		7D24C8731D2CDEA7009932EE /* Info.plist */ = {isa = PBXFileReference; lastKnownFileType = text.plist.xml; path = Info.plist; sourceTree = "<group>"; };
		7D3AD3901FEA262E00AEEE31 /* AboutWindowController.h */ = {isa = PBXFileReference; fileEncoding = 4; lastKnownFileType = sourcecode.c.h; path = AboutWindowController.h; sourceTree = "<group>"; };
		7D3AD3911FEA262E00AEEE31 /* AboutWindowController.m */ = {isa = PBXFileReference; fileEncoding = 4; lastKnownFileType = sourcecode.c.objc; path = AboutWindowController.m; sourceTree = "<group>"; };
		7D3AD3961FEA28BC00AEEE31 /* patrons.txt */ = {isa = PBXFileReference; fileEncoding = 4; lastKnownFileType = text; path = patrons.txt; sourceTree = "<group>"; };
		7D3B524E1D9F695E006568D9 /* main.h */ = {isa = PBXFileReference; lastKnownFileType = sourcecode.c.h; path = main.h; sourceTree = "<group>"; };
		7D4B34C81D9885820069E4DE /* icon.png */ = {isa = PBXFileReference; lastKnownFileType = image.png; name = icon.png; path = ../../Shared/icon.png; sourceTree = "<group>"; };
		7D4B34C91D9885820069E4DE /* whatsYourSign.png */ = {isa = PBXFileReference; lastKnownFileType = image.png; name = whatsYourSign.png; path = ../../Shared/whatsYourSign.png; sourceTree = "<group>"; };
		7D5CACC11FE9EE0B002A367A /* objectiveSee.png */ = {isa = PBXFileReference; lastKnownFileType = image.png; path = objectiveSee.png; sourceTree = "<group>"; };
		CDE22E23247B5A7800C88F5C /* WhatsYourSign Installer.entitlements */ = {isa = PBXFileReference; lastKnownFileType = text.plist.entitlements; path = "WhatsYourSign Installer.entitlements"; sourceTree = "<group>"; };
		CDE70BE32CF285AA00251553 /* Base */ = {isa = PBXFileReference; lastKnownFileType = file.xib; name = Base; path = Base.lproj/AboutWindow.xib; sourceTree = "<group>"; };
		CDE70BE62CF285AA00251553 /* mul */ = {isa = PBXFileReference; lastKnownFileType = text.json.xcstrings; name = mul; path = mul.lproj/AboutWindow.xcstrings; sourceTree = "<group>"; };
		CDE70BE72CF285B400251553 /* Base */ = {isa = PBXFileReference; lastKnownFileType = file.xib; name = Base; path = Base.lproj/ConfigureWindowController.xib; sourceTree = "<group>"; };
		CDE70BEA2CF285B400251553 /* mul */ = {isa = PBXFileReference; lastKnownFileType = text.json.xcstrings; name = mul; path = mul.lproj/ConfigureWindowController.xcstrings; sourceTree = "<group>"; };
		CDE70BEB2CF285B900251553 /* Base */ = {isa = PBXFileReference; lastKnownFileType = file.xib; name = Base; path = Base.lproj/ErrorWindowController.xib; sourceTree = "<group>"; };
		CDE70BEE2CF285BA00251553 /* mul */ = {isa = PBXFileReference; lastKnownFileType = text.json.xcstrings; name = mul; path = mul.lproj/ErrorWindowController.xcstrings; sourceTree = "<group>"; };
		CDE70BEF2CF285E800251553 /* Base */ = {isa = PBXFileReference; lastKnownFileType = file.xib; name = Base; path = Base.lproj/MainMenu.xib; sourceTree = "<group>"; };
		CDE70BF22CF285E800251553 /* mul */ = {isa = PBXFileReference; lastKnownFileType = text.json.xcstrings; name = mul; path = mul.lproj/MainMenu.xcstrings; sourceTree = "<group>"; };
		CDE70C1B2CF5415C00251553 /* Localizable.xcstrings */ = {isa = PBXFileReference; lastKnownFileType = text.json.xcstrings; name = Localizable.xcstrings; path = Installer/Localizable.xcstrings; sourceTree = "<group>"; };
/* End PBXFileReference section */

/* Begin PBXFrameworksBuildPhase section */
		7D24C8621D2CDEA7009932EE /* Frameworks */ = {
			isa = PBXFrameworksBuildPhase;
			buildActionMask = 2147483647;
			files = (
			);
			runOnlyForDeploymentPostprocessing = 0;
		};
/* End PBXFrameworksBuildPhase section */

/* Begin PBXGroup section */
		7D24C85C1D2CDEA7009932EE = {
			isa = PBXGroup;
			children = (
				CDE70C1B2CF5415C00251553 /* Localizable.xcstrings */,
				7D24C8671D2CDEA7009932EE /* Installer */,
				7D24C8661D2CDEA7009932EE /* Products */,
			);
			sourceTree = "<group>";
		};
		7D24C8661D2CDEA7009932EE /* Products */ = {
			isa = PBXGroup;
			children = (
				7D24C8651D2CDEA7009932EE /* WhatsYourSign Installer.app */,
			);
			name = Products;
			sourceTree = "<group>";
		};
		7D24C8671D2CDEA7009932EE /* Installer */ = {
			isa = PBXGroup;
			children = (
				CDE22E23247B5A7800C88F5C /* WhatsYourSign Installer.entitlements */,
				7D7335451FEA30ED002A186A /* xibs */,
				7D3AD3951FEA28A600AEEE31 /* images */,
				7D5815361D98579900FED513 /* Shared */,
				7D3AD3901FEA262E00AEEE31 /* AboutWindowController.h */,
				7D3AD3911FEA262E00AEEE31 /* AboutWindowController.m */,
				7D24C8681D2CDEA7009932EE /* AppDelegate.h */,
				7D24C8691D2CDEA7009932EE /* AppDelegate.m */,
				7D1EAB1E1D2E12310052ACE2 /* Configure.h */,
				7D1EAB1D1D2E12310052ACE2 /* Configure.m */,
				7D1EAB1F1D2E12310052ACE2 /* ConfigureWindowController.h */,
				7D1EAB1C1D2E12310052ACE2 /* ConfigureWindowController.m */,
				7D1EAB261D2E12D30052ACE2 /* ErrorWindowController.h */,
				7D1EAB241D2E12D30052ACE2 /* ErrorWindowController.m */,
				7D24C86E1D2CDEA7009932EE /* Assets.xcassets */,
				CDE70BF02CF285E800251553 /* MainMenu.xib */,
				7D24C86B1D2CDEA7009932EE /* Supporting Files */,
			);
			path = Installer;
			sourceTree = "<group>";
		};
		7D24C86B1D2CDEA7009932EE /* Supporting Files */ = {
			isa = PBXGroup;
			children = (
				7D3AD3961FEA28BC00AEEE31 /* patrons.txt */,
				7D24C8731D2CDEA7009932EE /* Info.plist */,
				7D24C86C1D2CDEA7009932EE /* main.m */,
				7D3B524E1D9F695E006568D9 /* main.h */,
			);
			name = "Supporting Files";
			sourceTree = "<group>";
		};
		7D3AD3951FEA28A600AEEE31 /* images */ = {
			isa = PBXGroup;
			children = (
				7D5CACC11FE9EE0B002A367A /* objectiveSee.png */,
			);
			name = images;
			sourceTree = "<group>";
		};
		7D5815361D98579900FED513 /* Shared */ = {
			isa = PBXGroup;
			children = (
				7D4B34C81D9885820069E4DE /* icon.png */,
				7D4B34C91D9885820069E4DE /* whatsYourSign.png */,
				7D1EAB361D2E148B0052ACE2 /* utilities.h */,
				7D1EAB371D2E148B0052ACE2 /* utilities.m */,
				7D1EAB321D2E14160052ACE2 /* consts.h */,
			);
			name = Shared;
			sourceTree = "<group>";
		};
		7D7335451FEA30ED002A186A /* xibs */ = {
			isa = PBXGroup;
			children = (
				CDE70BE42CF285AA00251553 /* AboutWindow.xib */,
				CDE70BE82CF285B400251553 /* ConfigureWindowController.xib */,
				CDE70BEC2CF285B900251553 /* ErrorWindowController.xib */,
			);
			name = xibs;
			sourceTree = "<group>";
		};
/* End PBXGroup section */

/* Begin PBXNativeTarget section */
		7D24C8641D2CDEA7009932EE /* Installer */ = {
			isa = PBXNativeTarget;
			buildConfigurationList = 7D24C8761D2CDEA7009932EE /* Build configuration list for PBXNativeTarget "Installer" */;
			buildPhases = (
				7D24C8611D2CDEA7009932EE /* Sources */,
				7D24C8621D2CDEA7009932EE /* Frameworks */,
				7D24C8631D2CDEA7009932EE /* Resources */,
				7D1A49C71D502D4A000E2BEB /* ShellScript */,
			);
			buildRules = (
			);
			dependencies = (
			);
			name = Installer;
			productName = WhatsYourSign_Installer;
			productReference = 7D24C8651D2CDEA7009932EE /* WhatsYourSign Installer.app */;
			productType = "com.apple.product-type.application";
		};
/* End PBXNativeTarget section */

/* Begin PBXProject section */
		7D24C85D1D2CDEA7009932EE /* Project object */ = {
			isa = PBXProject;
			attributes = {
				LastUpgradeCheck = 0900;
				ORGANIZATIONNAME = "Objective-See";
				TargetAttributes = {
					7D24C8641D2CDEA7009932EE = {
						CreatedOnToolsVersion = 7.3;
						DevelopmentTeam = VBG97UB4TA;
						ProvisioningStyle = Manual;
					};
				};
			};
			buildConfigurationList = 7D24C8601D2CDEA7009932EE /* Build configuration list for PBXProject "Installer" */;
			compatibilityVersion = "Xcode 3.2";
			developmentRegion = English;
			hasScannedForEncodings = 0;
			knownRegions = (
				English,
				en,
				Base,
				es,
			);
			mainGroup = 7D24C85C1D2CDEA7009932EE;
			productRefGroup = 7D24C8661D2CDEA7009932EE /* Products */;
			projectDirPath = "";
			projectRoot = "";
			targets = (
				7D24C8641D2CDEA7009932EE /* Installer */,
			);
		};
/* End PBXProject section */

/* Begin PBXResourcesBuildPhase section */
		7D24C8631D2CDEA7009932EE /* Resources */ = {
			isa = PBXResourcesBuildPhase;
			buildActionMask = 2147483647;
			files = (
				7D5CACC21FE9EEC1002A367A /* objectiveSee.png in Resources */,
				CDE70BE92CF285B400251553 /* ConfigureWindowController.xib in Resources */,
				7D3AD3971FEA28BC00AEEE31 /* patrons.txt in Resources */,
				7D4B34CA1D9885820069E4DE /* icon.png in Resources */,
				CDE70BE52CF285AA00251553 /* AboutWindow.xib in Resources */,
				CDE70BED2CF285B900251553 /* ErrorWindowController.xib in Resources */,
				CDE70C1C2CF5415C00251553 /* Localizable.xcstrings in Resources */,
				7D4B34CB1D9885820069E4DE /* whatsYourSign.png in Resources */,
				7D24C86F1D2CDEA7009932EE /* Assets.xcassets in Resources */,
				CDE70BF12CF285E800251553 /* MainMenu.xib in Resources */,
			);
			runOnlyForDeploymentPostprocessing = 0;
		};
/* End PBXResourcesBuildPhase section */

/* Begin PBXShellScriptBuildPhase section */
		7D1A49C71D502D4A000E2BEB /* ShellScript */ = {
			isa = PBXShellScriptBuildPhase;
			buildActionMask = 2147483647;
			files = (
			);
			inputPaths = (
			);
			outputPaths = (
			);
			runOnlyForDeploymentPostprocessing = 0;
			shellPath = /bin/sh;
			shellScript = "if [[ $BUILT_PRODUCTS_DIR = *\"ArchiveIntermediates\"* ]]; then\n   cp -R -f \"$PROJECT_TEMP_ROOT/UninstalledProducts/macosx/WhatsYourSign.app\" \"$BUILT_PRODUCTS_DIR/$CONTENTS_FOLDER_PATH/Resources/\"    \n#normal build\nelse\n\ncp -R -f \"$BUILT_PRODUCTS_DIR/WhatsYourSign.app\" \"$BUILT_PRODUCTS_DIR/$CONTENTS_FOLDER_PATH/Resources/\"\n\nfi\n";
		};
/* End PBXShellScriptBuildPhase section */

/* Begin PBXSourcesBuildPhase section */
		7D24C8611D2CDEA7009932EE /* Sources */ = {
			isa = PBXSourcesBuildPhase;
			buildActionMask = 2147483647;
			files = (
				7D1EAB201D2E12310052ACE2 /* ConfigureWindowController.m in Sources */,
				7D24C86D1D2CDEA7009932EE /* main.m in Sources */,
				7D24C86A1D2CDEA7009932EE /* AppDelegate.m in Sources */,
				7D1EAB291D2E12D30052ACE2 /* ErrorWindowController.m in Sources */,
				7D1EAB381D2E148B0052ACE2 /* utilities.m in Sources */,
				7D1EAB211D2E12310052ACE2 /* Configure.m in Sources */,
				7D3AD3931FEA262E00AEEE31 /* AboutWindowController.m in Sources */,
			);
			runOnlyForDeploymentPostprocessing = 0;
		};
/* End PBXSourcesBuildPhase section */

/* Begin PBXVariantGroup section */
		CDE70BE42CF285AA00251553 /* AboutWindow.xib */ = {
			isa = PBXVariantGroup;
			children = (
				CDE70BE32CF285AA00251553 /* Base */,
				CDE70BE62CF285AA00251553 /* mul */,
			);
			name = AboutWindow.xib;
			sourceTree = "<group>";
		};
		CDE70BE82CF285B400251553 /* ConfigureWindowController.xib */ = {
			isa = PBXVariantGroup;
			children = (
				CDE70BE72CF285B400251553 /* Base */,
				CDE70BEA2CF285B400251553 /* mul */,
			);
			name = ConfigureWindowController.xib;
			sourceTree = "<group>";
		};
		CDE70BEC2CF285B900251553 /* ErrorWindowController.xib */ = {
			isa = PBXVariantGroup;
			children = (
				CDE70BEB2CF285B900251553 /* Base */,
				CDE70BEE2CF285BA00251553 /* mul */,
			);
			name = ErrorWindowController.xib;
			sourceTree = "<group>";
		};
		CDE70BF02CF285E800251553 /* MainMenu.xib */ = {
			isa = PBXVariantGroup;
			children = (
				CDE70BEF2CF285E800251553 /* Base */,
				CDE70BF22CF285E800251553 /* mul */,
			);
			name = MainMenu.xib;
			sourceTree = "<group>";
		};
/* End PBXVariantGroup section */

/* Begin XCBuildConfiguration section */
		7D24C8741D2CDEA7009932EE /* Debug */ = {
			isa = XCBuildConfiguration;
			buildSettings = {
				ALWAYS_SEARCH_USER_PATHS = NO;
				CLANG_ANALYZER_NONNULL = YES;
				CLANG_CXX_LANGUAGE_STANDARD = "gnu++0x";
				CLANG_CXX_LIBRARY = "libc++";
				CLANG_ENABLE_MODULES = YES;
				CLANG_ENABLE_OBJC_ARC = YES;
				CLANG_WARN_BLOCK_CAPTURE_AUTORELEASING = YES;
				CLANG_WARN_BOOL_CONVERSION = YES;
				CLANG_WARN_COMMA = YES;
				CLANG_WARN_CONSTANT_CONVERSION = YES;
				CLANG_WARN_DIRECT_OBJC_ISA_USAGE = YES_ERROR;
				CLANG_WARN_EMPTY_BODY = YES;
				CLANG_WARN_ENUM_CONVERSION = YES;
				CLANG_WARN_INFINITE_RECURSION = YES;
				CLANG_WARN_INT_CONVERSION = YES;
				CLANG_WARN_NON_LITERAL_NULL_CONVERSION = YES;
				CLANG_WARN_OBJC_LITERAL_CONVERSION = YES;
				CLANG_WARN_OBJC_ROOT_CLASS = YES_ERROR;
				CLANG_WARN_RANGE_LOOP_ANALYSIS = YES;
				CLANG_WARN_STRICT_PROTOTYPES = YES;
				CLANG_WARN_SUSPICIOUS_MOVE = YES;
				CLANG_WARN_UNREACHABLE_CODE = YES;
				CLANG_WARN__DUPLICATE_METHOD_MATCH = YES;
				CODE_SIGN_IDENTITY = "-";
				COPY_PHASE_STRIP = NO;
				DEBUG_INFORMATION_FORMAT = dwarf;
				ENABLE_STRICT_OBJC_MSGSEND = YES;
				ENABLE_TESTABILITY = YES;
				GCC_C_LANGUAGE_STANDARD = gnu99;
				GCC_DYNAMIC_NO_PIC = NO;
				GCC_NO_COMMON_BLOCKS = YES;
				GCC_OPTIMIZATION_LEVEL = 0;
				GCC_PREPROCESSOR_DEFINITIONS = (
					"DEBUG=1",
					"$(inherited)",
				);
				GCC_WARN_64_TO_32_BIT_CONVERSION = YES;
				GCC_WARN_ABOUT_RETURN_TYPE = YES_ERROR;
				GCC_WARN_UNDECLARED_SELECTOR = YES;
				GCC_WARN_UNINITIALIZED_AUTOS = YES_AGGRESSIVE;
				GCC_WARN_UNUSED_FUNCTION = YES;
				GCC_WARN_UNUSED_VARIABLE = YES;
				MACOSX_DEPLOYMENT_TARGET = 10.13;
				MTL_ENABLE_DEBUG_INFO = YES;
				ONLY_ACTIVE_ARCH = YES;
				SDKROOT = macosx;
				SWIFT_EMIT_LOC_STRINGS = YES;
			};
			name = Debug;
		};
		7D24C8751D2CDEA7009932EE /* Release */ = {
			isa = XCBuildConfiguration;
			buildSettings = {
				ALWAYS_SEARCH_USER_PATHS = NO;
				CLANG_ANALYZER_NONNULL = YES;
				CLANG_CXX_LANGUAGE_STANDARD = "gnu++0x";
				CLANG_CXX_LIBRARY = "libc++";
				CLANG_ENABLE_MODULES = YES;
				CLANG_ENABLE_OBJC_ARC = YES;
				CLANG_WARN_BLOCK_CAPTURE_AUTORELEASING = YES;
				CLANG_WARN_BOOL_CONVERSION = YES;
				CLANG_WARN_COMMA = YES;
				CLANG_WARN_CONSTANT_CONVERSION = YES;
				CLANG_WARN_DIRECT_OBJC_ISA_USAGE = YES_ERROR;
				CLANG_WARN_EMPTY_BODY = YES;
				CLANG_WARN_ENUM_CONVERSION = YES;
				CLANG_WARN_INFINITE_RECURSION = YES;
				CLANG_WARN_INT_CONVERSION = YES;
				CLANG_WARN_NON_LITERAL_NULL_CONVERSION = YES;
				CLANG_WARN_OBJC_LITERAL_CONVERSION = YES;
				CLANG_WARN_OBJC_ROOT_CLASS = YES_ERROR;
				CLANG_WARN_RANGE_LOOP_ANALYSIS = YES;
				CLANG_WARN_STRICT_PROTOTYPES = YES;
				CLANG_WARN_SUSPICIOUS_MOVE = YES;
				CLANG_WARN_UNREACHABLE_CODE = YES;
				CLANG_WARN__DUPLICATE_METHOD_MATCH = YES;
				CODE_SIGN_IDENTITY = "-";
				COPY_PHASE_STRIP = NO;
				DEBUG_INFORMATION_FORMAT = "dwarf-with-dsym";
				ENABLE_NS_ASSERTIONS = NO;
				ENABLE_STRICT_OBJC_MSGSEND = YES;
				GCC_C_LANGUAGE_STANDARD = gnu99;
				GCC_NO_COMMON_BLOCKS = YES;
				GCC_WARN_64_TO_32_BIT_CONVERSION = YES;
				GCC_WARN_ABOUT_RETURN_TYPE = YES_ERROR;
				GCC_WARN_UNDECLARED_SELECTOR = YES;
				GCC_WARN_UNINITIALIZED_AUTOS = YES_AGGRESSIVE;
				GCC_WARN_UNUSED_FUNCTION = YES;
				GCC_WARN_UNUSED_VARIABLE = YES;
				MACOSX_DEPLOYMENT_TARGET = 10.13;
				MTL_ENABLE_DEBUG_INFO = NO;
				SDKROOT = macosx;
				SWIFT_EMIT_LOC_STRINGS = YES;
			};
			name = Release;
		};
		7D24C8771D2CDEA7009932EE /* Debug */ = {
			isa = XCBuildConfiguration;
			buildSettings = {
				ASSETCATALOG_COMPILER_APPICON_NAME = AppIcon;
				CODE_SIGN_ENTITLEMENTS = "Installer/WhatsYourSign Installer.entitlements";
				CODE_SIGN_IDENTITY = "Developer ID Application";
				COMBINE_HIDPI_IMAGES = YES;
				CURRENT_PROJECT_VERSION = 3.1.1;
				DEVELOPMENT_TEAM = VBG97UB4TA;
				ENABLE_HARDENED_RUNTIME = YES;
				GCC_PREPROCESSOR_DEFINITIONS = (
					"IS_INSTALLER_APP=1",
					"DEBUG=1",
					"$(inherited)",
				);
				GCC_WARN_ABOUT_DEPRECATED_FUNCTIONS = NO;
				INFOPLIST_FILE = Installer/Info.plist;
				LD_RUNPATH_SEARCH_PATHS = (
					"$(inherited)",
					"@executable_path/../Frameworks",
				);
				MACOSX_DEPLOYMENT_TARGET = 10.13;
				MARKETING_VERSION = 3.1.1;
				PRODUCT_BUNDLE_IDENTIFIER = "com.objective-see.WhatsYourSign";
				PRODUCT_NAME = "WhatsYourSign Installer";
			};
			name = Debug;
		};
		7D24C8781D2CDEA7009932EE /* Release */ = {
			isa = XCBuildConfiguration;
			buildSettings = {
				ASSETCATALOG_COMPILER_APPICON_NAME = AppIcon;
				CODE_SIGN_ENTITLEMENTS = "Installer/WhatsYourSign Installer.entitlements";
				CODE_SIGN_IDENTITY = "Developer ID Application";
				COMBINE_HIDPI_IMAGES = YES;
				CURRENT_PROJECT_VERSION = 3.1.1;
				DEVELOPMENT_TEAM = VBG97UB4TA;
				ENABLE_HARDENED_RUNTIME = YES;
				GCC_PREPROCESSOR_DEFINITIONS = "IS_INSTALLER_APP=1";
				GCC_WARN_ABOUT_DEPRECATED_FUNCTIONS = NO;
				INFOPLIST_FILE = Installer/Info.plist;
				LD_RUNPATH_SEARCH_PATHS = (
					"$(inherited)",
					"@executable_path/../Frameworks",
				);
				MACOSX_DEPLOYMENT_TARGET = 10.13;
				MARKETING_VERSION = 3.1.1;
				PRODUCT_BUNDLE_IDENTIFIER = "com.objective-see.WhatsYourSign";
				PRODUCT_NAME = "WhatsYourSign Installer";
			};
			name = Release;
		};
/* End XCBuildConfiguration section */

/* Begin XCConfigurationList section */
		7D24C8601D2CDEA7009932EE /* Build configuration list for PBXProject "Installer" */ = {
			isa = XCConfigurationList;
			buildConfigurations = (
				7D24C8741D2CDEA7009932EE /* Debug */,
				7D24C8751D2CDEA7009932EE /* Release */,
			);
			defaultConfigurationIsVisible = 0;
			defaultConfigurationName = Release;
		};
		7D24C8761D2CDEA7009932EE /* Build configuration list for PBXNativeTarget "Installer" */ = {
			isa = XCConfigurationList;
			buildConfigurations = (
				7D24C8771D2CDEA7009932EE /* Debug */,
				7D24C8781D2CDEA7009932EE /* Release */,
			);
			defaultConfigurationIsVisible = 0;
			defaultConfigurationName = Release;
		};
/* End XCConfigurationList section */
	};
	rootObject = 7D24C85D1D2CDEA7009932EE /* Project object */;
}
